{
  "version": "2",
  "remote": {},
  "npm": {
    "specifiers": {
      "@types/react-dom@18.2.6": "@types/react-dom@18.2.6",
      "@types/react@18.2.14": "@types/react@18.2.14",
      "autoprefixer@10.4.14": "autoprefixer@10.4.14_postcss@8.4.24",
      "date-fns@2.30.0": "date-fns@2.30.0",
      "postcss-import@15.1.0": "postcss-import@15.1.0_postcss@8.4.24",
      "postcss-nesting@12.0.0": "postcss-nesting@12.0.0_postcss@8.4.24_postcss-selector-parser@6.0.13",
      "postcss@8.4.24": "postcss@8.4.24",
      "prismjs@1.29.0": "prismjs@1.29.0",
      "react-dom@18.2.0": "react-dom@18.2.0_react@18.2.0",
      "react@18.2.0": "react@18.2.0",
      "terser@5.18.2": "terser@5.18.2",
      "unidecode@0.1.8": "unidecode@0.1.8"
    },
    "packages": {
      "@babel/runtime@7.22.6": {
        "integrity": "sha512-wDb5pWm4WDdF6LFUde3Jl8WzPA+3ZbxYqkC6xAXuD3irdEHN1k0NfTRrJD8ZD378SJ61miMLCqIOXYhd8x+AJQ==",
        "dependencies": {
          "regenerator-runtime": "regenerator-runtime@0.13.11"
        }
      },
      "@csstools/selector-specificity@3.0.0_postcss-selector-parser@6.0.13": {
        "integrity": "sha512-hBI9tfBtuPIi885ZsZ32IMEU/5nlZH/KOVYJCOh7gyMxaVLGmLedYqFN6Ui1LXkI8JlC8IsuC0rF0btcRZKd5g==",
        "dependencies": {
          "postcss-selector-parser": "postcss-selector-parser@6.0.13"
        }
      },
      "@jridgewell/gen-mapping@0.3.3": {
        "integrity": "sha512-HLhSWOLRi875zjjMG/r+Nv0oCW8umGb0BgEhyX3dDX3egwZtB8PqLnjz3yedt8R5StBrzcg4aBpnh8UA9D1BoQ==",
        "dependencies": {
          "@jridgewell/set-array": "@jridgewell/set-array@1.1.2",
          "@jridgewell/sourcemap-codec": "@jridgewell/sourcemap-codec@1.4.15",
          "@jridgewell/trace-mapping": "@jridgewell/trace-mapping@0.3.18"
        }
      },
      "@jridgewell/resolve-uri@3.1.0": {
        "integrity": "sha512-F2msla3tad+Mfht5cJq7LSXcdudKTWCVYUgw6pLFOOHSTtZlj6SWNYAp+AhuqLmWdBO2X5hPrLcu8cVP8fy28w==",
        "dependencies": {}
      },
      "@jridgewell/set-array@1.1.2": {
        "integrity": "sha512-xnkseuNADM0gt2bs+BvhO0p78Mk762YnZdsuzFV018NoG1Sj1SCQvpSqa7XUaTam5vAGasABV9qXASMKnFMwMw==",
        "dependencies": {}
      },
      "@jridgewell/source-map@0.3.5": {
        "integrity": "sha512-UTYAUj/wviwdsMfzoSJspJxbkH5o1snzwX0//0ENX1u/55kkZZkcTZP6u9bwKGkv+dkk9at4m1Cpt0uY80kcpQ==",
        "dependencies": {
          "@jridgewell/gen-mapping": "@jridgewell/gen-mapping@0.3.3",
          "@jridgewell/trace-mapping": "@jridgewell/trace-mapping@0.3.18"
        }
      },
      "@jridgewell/sourcemap-codec@1.4.14": {
        "integrity": "sha512-XPSJHWmi394fuUuzDnGz1wiKqWfo1yXecHQMRf2l6hztTO+nPru658AyDngaBe7isIxEkRsPR3FZh+s7iVa4Uw==",
        "dependencies": {}
      },
      "@jridgewell/sourcemap-codec@1.4.15": {
        "integrity": "sha512-eF2rxCRulEKXHTRiDrDy6erMYWqNw4LPdQ8UQA4huuxaQsVeRPFl2oM8oDGxMFhJUWZf9McpLtJasDDZb/Bpeg==",
        "dependencies": {}
      },
      "@jridgewell/trace-mapping@0.3.18": {
        "integrity": "sha512-w+niJYzMHdd7USdiH2U6869nqhD2nbfZXND5Yp93qIbEmnDNk7PD48o+YchRVpzMU7M6jVCbenTR7PA1FLQ9pA==",
        "dependencies": {
          "@jridgewell/resolve-uri": "@jridgewell/resolve-uri@3.1.0",
          "@jridgewell/sourcemap-codec": "@jridgewell/sourcemap-codec@1.4.14"
        }
      },
      "@types/prop-types@15.7.5": {
        "integrity": "sha512-JCB8C6SnDoQf0cNycqd/35A7MjcnK+ZTqE7judS6o7utxUCg6imJg3QK2qzHKszlTjcj2cn+NwMB2i96ubpj7w==",
        "dependencies": {}
      },
      "@types/react-dom@18.2.6": {
        "integrity": "sha512-2et4PDvg6PVCyS7fuTc4gPoksV58bW0RwSxWKcPRcHZf0PRUGq03TKcD/rUHe3azfV6/5/biUBJw+HhCQjaP0A==",
        "dependencies": {
          "@types/react": "@types/react@18.2.14"
        }
      },
      "@types/react@18.2.14": {
        "integrity": "sha512-A0zjq+QN/O0Kpe30hA1GidzyFjatVvrpIvWLxD+xv67Vt91TWWgco9IvrJBkeyHm1trGaFS/FSGqPlhyeZRm0g==",
        "dependencies": {
          "@types/prop-types": "@types/prop-types@15.7.5",
          "@types/scheduler": "@types/scheduler@0.16.3",
          "csstype": "csstype@3.1.2"
        }
      },
      "@types/scheduler@0.16.3": {
        "integrity": "sha512-5cJ8CB4yAx7BH1oMvdU0Jh9lrEXyPkar6F9G/ERswkCuvP4KQZfZkSjcMbAICCpQTN4OuZn8tz0HiKv9TGZgrQ==",
        "dependencies": {}
      },
      "acorn@8.10.0": {
        "integrity": "sha512-F0SAmZ8iUtS//m8DmCTA0jlh6TDKkHQyK6xc6V4KDTyZKA9dnvX9/3sRTVQrWm79glUAZbnmmNcdYwUIHWVybw==",
        "dependencies": {}
      },
      "autoprefixer@10.4.14_postcss@8.4.24": {
        "integrity": "sha512-FQzyfOsTlwVzjHxKEqRIAdJx9niO6VCBCoEwax/VLSoQF29ggECcPuBqUMZ+u8jCZOPSy8b8/8KnuFbp0SaFZQ==",
        "dependencies": {
          "browserslist": "browserslist@4.21.9",
          "caniuse-lite": "caniuse-lite@1.0.30001516",
          "fraction.js": "fraction.js@4.2.0",
          "normalize-range": "normalize-range@0.1.2",
          "picocolors": "picocolors@1.0.0",
          "postcss": "postcss@8.4.24",
          "postcss-value-parser": "postcss-value-parser@4.2.0"
        }
      },
      "browserslist@4.21.9": {
        "integrity": "sha512-M0MFoZzbUrRU4KNfCrDLnvyE7gub+peetoTid3TBIqtunaDJyXlwhakT+/VkvSXcfIzFfK/nkCs4nmyTmxdNSg==",
        "dependencies": {
          "caniuse-lite": "caniuse-lite@1.0.30001516",
          "electron-to-chromium": "electron-to-chromium@1.4.461",
          "node-releases": "node-releases@2.0.13",
          "update-browserslist-db": "update-browserslist-db@1.0.11_browserslist@4.21.9"
        }
      },
      "buffer-from@1.1.2": {
        "integrity": "sha512-E+XQCRwSbaaiChtv6k6Dwgc+bx+Bs6vuKJHHl5kox/BaKbhiXzqQOwK4cO22yElGp2OCmjwVhT3HmxgyPGnJfQ==",
        "dependencies": {}
      },
      "caniuse-lite@1.0.30001516": {
        "integrity": "sha512-Wmec9pCBY8CWbmI4HsjBeQLqDTqV91nFVR83DnZpYyRnPI1wePDsTg0bGLPC5VU/3OIZV1fmxEea1b+tFKe86g==",
        "dependencies": {}
      },
      "commander@2.20.3": {
        "integrity": "sha512-GpVkmM8vF2vQUkj2LvZmD35JxeJOLCwJ9cUkugyk2nuhbv3+mJvpLYYt+0+USMxE+oj+ey/lJEnhZw75x/OMcQ==",
        "dependencies": {}
      },
      "cssesc@3.0.0": {
        "integrity": "sha512-/Tb/JcjK111nNScGob5MNtsntNM1aCNUDipB/TkwZFhyDrrE47SOx/18wF2bbjgc3ZzCSKW1T5nt5EbFoAz/Vg==",
        "dependencies": {}
      },
      "csstype@3.1.2": {
        "integrity": "sha512-I7K1Uu0MBPzaFKg4nI5Q7Vs2t+3gWWW648spaF+Rg7pI9ds18Ugn+lvg4SHczUdKlHI5LWBXyqfS8+DufyBsgQ==",
        "dependencies": {}
      },
      "date-fns@2.30.0": {
        "integrity": "sha512-fnULvOpxnC5/Vg3NCiWelDsLiUc9bRwAPs/+LfTLNvetFCtCTN+yQz15C/fs4AwX1R9K5GLtLfn8QW+dWisaAw==",
        "dependencies": {
          "@babel/runtime": "@babel/runtime@7.22.6"
        }
      },
      "electron-to-chromium@1.4.461": {
        "integrity": "sha512-1JkvV2sgEGTDXjdsaQCeSwYYuhLRphRpc+g6EHTFELJXEiznLt3/0pZ9JuAOQ5p2rI3YxKTbivtvajirIfhrEQ==",
        "dependencies": {}
      },
      "escalade@3.1.1": {
        "integrity": "sha512-k0er2gUkLf8O0zKJiAhmkTnJlTvINGv7ygDNPbeIsX/TJjGJZHuh9B2UxbsaEkmlEo9MfhrSzmhIlhRlI2GXnw==",
        "dependencies": {}
      },
      "fraction.js@4.2.0": {
        "integrity": "sha512-MhLuK+2gUcnZe8ZHlaaINnQLl0xRIGRfcGk2yl8xoQAfHrSsL3rYu6FCmBdkdbhc9EPlwyGHewaRsvwRMJtAlA==",
        "dependencies": {}
      },
      "function-bind@1.1.1": {
        "integrity": "sha512-yIovAzMX49sF8Yl58fSCWJ5svSLuaibPxXQJFLmBObTuCr0Mf1KiPopGM9NiFjiYBCbfaa2Fh6breQ6ANVTI0A==",
        "dependencies": {}
      },
      "has@1.0.3": {
        "integrity": "sha512-f2dvO0VU6Oej7RkWJGrehjbzMAjFp5/VKPp5tTpWIV4JHHZK1/BxbFRtf/siA2SWTe09caDmVtYYzWEIbBS4zw==",
        "dependencies": {
          "function-bind": "function-bind@1.1.1"
        }
      },
      "is-core-module@2.12.1": {
        "integrity": "sha512-Q4ZuBAe2FUsKtyQJoQHlvP8OvBERxO3jEmy1I7hcRXcJBGGHFh/aJBswbXuS9sgrDH2QUO8ilkwNPHvHMd8clg==",
        "dependencies": {
          "has": "has@1.0.3"
        }
      },
      "js-tokens@4.0.0": {
        "integrity": "sha512-RdJUflcE3cUzKiMqQgsCu06FPu9UdIJO0beYbPhHN4k6apgJtifcoCtT9bcxOpYBtpD2kCM6Sbzg4CausW/PKQ==",
        "dependencies": {}
      },
      "loose-envify@1.4.0": {
        "integrity": "sha512-lyuxPGr/Wfhrlem2CL/UcnUc1zcqKAImBDzukY7Y5F/yQiNdko6+fRLevlw1HgMySw7f611UIY408EtxRSoK3Q==",
        "dependencies": {
          "js-tokens": "js-tokens@4.0.0"
        }
      },
      "nanoid@3.3.6": {
        "integrity": "sha512-BGcqMMJuToF7i1rt+2PWSNVnWIkGCU78jBG3RxO/bZlnZPK2Cmi2QaffxGO/2RvWi9sL+FAiRiXMgsyxQ1DIDA==",
        "dependencies": {}
      },
      "node-releases@2.0.13": {
        "integrity": "sha512-uYr7J37ae/ORWdZeQ1xxMJe3NtdmqMC/JZK+geofDrkLUApKRHPd18/TxtBOJ4A0/+uUIliorNrfYV6s1b02eQ==",
        "dependencies": {}
      },
      "normalize-range@0.1.2": {
        "integrity": "sha512-bdok/XvKII3nUpklnV6P2hxtMNrCboOjAcyBuQnWEhO665FwrSNRxU+AqpsyvO6LgGYPspN+lu5CLtw4jPRKNA==",
        "dependencies": {}
      },
      "path-parse@1.0.7": {
        "integrity": "sha512-LDJzPVEEEPR+y48z93A0Ed0yXb8pAByGWo/k5YYdYgpY2/2EsOsksJrq7lOHxryrVOn1ejG6oAp8ahvOIQD8sw==",
        "dependencies": {}
      },
      "picocolors@1.0.0": {
        "integrity": "sha512-1fygroTLlHu66zi26VoTDv8yRgm0Fccecssto+MhsZ0D/DGW2sm8E8AjW7NU5VVTRt5GxbeZ5qBuJr+HyLYkjQ==",
        "dependencies": {}
      },
      "pify@2.3.0": {
        "integrity": "sha512-udgsAY+fTnvv7kI7aaxbqwWNb0AHiB0qBO89PZKPkoTmGOgdbrHDKD+0B2X4uTfJ/FT1R09r9gTsjUjNJotuog==",
        "dependencies": {}
      },
      "postcss-import@15.1.0_postcss@8.4.24": {
        "integrity": "sha512-hpr+J05B2FVYUAXHeK1YyI267J/dDDhMU6B6civm8hSY1jYJnBXxzKDKDswzJmtLHryrjhnDjqqp/49t8FALew==",
        "dependencies": {
          "postcss": "postcss@8.4.24",
          "postcss-value-parser": "postcss-value-parser@4.2.0",
          "read-cache": "read-cache@1.0.0",
          "resolve": "resolve@1.22.3"
        }
      },
      "postcss-nesting@12.0.0_postcss@8.4.24_postcss-selector-parser@6.0.13": {
        "integrity": "sha512-knqwW65kxssmyIFadRSimaiRyLVRd0MdwfabesKw6XvGLwSOCJ+4zfvNQQCOOYij5obwpZzDpODuGRv2PCyiUw==",
        "dependencies": {
          "@csstools/selector-specificity": "@csstools/selector-specificity@3.0.0_postcss-selector-parser@6.0.13",
          "postcss": "postcss@8.4.24",
          "postcss-selector-parser": "postcss-selector-parser@6.0.13"
        }
      },
      "postcss-selector-parser@6.0.13": {
        "integrity": "sha512-EaV1Gl4mUEV4ddhDnv/xtj7sxwrwxdetHdWUGnT4VJQf+4d05v6lHYZr8N573k5Z0BViss7BDhfWtKS3+sfAqQ==",
        "dependencies": {
          "cssesc": "cssesc@3.0.0",
          "util-deprecate": "util-deprecate@1.0.2"
        }
      },
      "postcss-value-parser@4.2.0": {
        "integrity": "sha512-1NNCs6uurfkVbeXG4S8JFT9t19m45ICnif8zWLd5oPSZ50QnwMfK+H3jv408d4jw/7Bttv5axS5IiHoLaVNHeQ==",
        "dependencies": {}
      },
      "postcss@8.4.24": {
        "integrity": "sha512-M0RzbcI0sO/XJNucsGjvWU9ERWxb/ytp1w6dKtxTKgixdtQDq4rmx/g8W1hnaheq9jgwL/oyEdH5Bc4WwJKMqg==",
        "dependencies": {
          "nanoid": "nanoid@3.3.6",
          "picocolors": "picocolors@1.0.0",
          "source-map-js": "source-map-js@1.0.2"
        }
      },
      "prismjs@1.29.0": {
        "integrity": "sha512-Kx/1w86q/epKcmte75LNrEoT+lX8pBpavuAbvJWRXar7Hz8jrtF+e3vY751p0R8H9HdArwaCTNDDzHg/ScJK1Q==",
        "dependencies": {}
      },
      "react-dom@18.2.0_react@18.2.0": {
        "integrity": "sha512-6IMTriUmvsjHUjNtEDudZfuDQUoWXVxKHhlEGSk81n4YFS+r/Kl99wXiwlVXtPBtJenozv2P+hxDsw9eA7Xo6g==",
        "dependencies": {
          "loose-envify": "loose-envify@1.4.0",
          "react": "react@18.2.0",
          "scheduler": "scheduler@0.23.0"
        }
      },
      "react@18.2.0": {
        "integrity": "sha512-/3IjMdb2L9QbBdWiW5e3P2/npwMBaU9mHCSCUzNln0ZCYbcfTsGbTJrU/kGemdH2IWmB2ioZ+zkxtmq6g09fGQ==",
        "dependencies": {
          "loose-envify": "loose-envify@1.4.0"
        }
      },
      "read-cache@1.0.0": {
        "integrity": "sha512-Owdv/Ft7IjOgm/i0xvNDZ1LrRANRfew4b2prF3OWMQLxLfu3bS8FVhCsrSCMK4lR56Y9ya+AThoTpDCTxCmpRA==",
        "dependencies": {
          "pify": "pify@2.3.0"
        }
      },
      "regenerator-runtime@0.13.11": {
        "integrity": "sha512-kY1AZVr2Ra+t+piVaJ4gxaFaReZVH40AKNo7UCX6W+dEwBo/2oZJzqfuN1qLq1oL45o56cPaTXELwrTh8Fpggg==",
        "dependencies": {}
      },
      "resolve@1.22.3": {
        "integrity": "sha512-P8ur/gp/AmbEzjr729bZnLjXK5Z+4P0zhIJgBgzqRih7hL7BOukHGtSTA3ACMY467GRFz3duQsi0bDZdR7DKdw==",
        "dependencies": {
          "is-core-module": "is-core-module@2.12.1",
          "path-parse": "path-parse@1.0.7",
          "supports-preserve-symlinks-flag": "supports-preserve-symlinks-flag@1.0.0"
        }
      },
      "scheduler@0.23.0": {
        "integrity": "sha512-CtuThmgHNg7zIZWAXi3AsyIzA3n4xx7aNyjwC2VJldO2LMVDhFK+63xGqq6CsJH4rTAt6/M+N4GhZiDYPx9eUw==",
        "dependencies": {
          "loose-envify": "loose-envify@1.4.0"
        }
      },
      "source-map-js@1.0.2": {
        "integrity": "sha512-R0XvVJ9WusLiqTCEiGCmICCMplcCkIwwR11mOSD9CR5u+IXYdiseeEuXCVAjS54zqwkLcPNnmU4OeJ6tUrWhDw==",
        "dependencies": {}
      },
      "source-map-support@0.5.21": {
        "integrity": "sha512-uBHU3L3czsIyYXKX88fdrGovxdSCoTGDRZ6SYXtSRxLZUzHg5P/66Ht6uoUlHu9EZod+inXhKo3qQgwXUT/y1w==",
        "dependencies": {
          "buffer-from": "buffer-from@1.1.2",
          "source-map": "source-map@0.6.1"
        }
      },
      "source-map@0.6.1": {
        "integrity": "sha512-UjgapumWlbMhkBgzT7Ykc5YXUT46F0iKu8SGXq0bcwP5dz/h0Plj6enJqjz1Zbq2l5WaqYnrVbwWOWMyF3F47g==",
        "dependencies": {}
      },
      "supports-preserve-symlinks-flag@1.0.0": {
        "integrity": "sha512-ot0WnXS9fgdkgIcePe6RHNk1WA8+muPa6cSjeR3V8K27q9BB1rTE3R1p7Hv0z1ZyAc8s6Vvv8DIyWf681MAt0w==",
        "dependencies": {}
      },
      "terser@5.18.2": {
        "integrity": "sha512-Ah19JS86ypbJzTzvUCX7KOsEIhDaRONungA4aYBjEP3JZRf4ocuDzTg4QWZnPn9DEMiMYGJPiSOy7aykoCc70w==",
        "dependencies": {
          "@jridgewell/source-map": "@jridgewell/source-map@0.3.5",
          "acorn": "acorn@8.10.0",
          "commander": "commander@2.20.3",
          "source-map-support": "source-map-support@0.5.21"
        }
      },
      "unidecode@0.1.8": {
        "integrity": "sha512-SdoZNxCWpN2tXTCrGkPF/0rL2HEq+i2gwRG1ReBvx8/0yTzC3enHfugOf8A9JBShVwwrRIkLX0YcDUGbzjbVCA==",
        "dependencies": {}
      },
      "update-browserslist-db@1.0.11_browserslist@4.21.9": {
        "integrity": "sha512-dCwEFf0/oT85M1fHBg4F0jtLwJrutGoHSQXCh7u4o2t1drG+c0a9Flnqww6XUKSfQMPpJBRjU8d4RXB09qtvaA==",
        "dependencies": {
          "browserslist": "browserslist@4.21.9",
          "escalade": "escalade@3.1.1",
          "picocolors": "picocolors@1.0.0"
        }
      },
      "util-deprecate@1.0.2": {
        "integrity": "sha512-EPD5q1uXyFxJpCrLnCc1nHnq3gOa6DZBocAIiI2TaSCA7VCJ1UJDMagCzIkXNsUYfD1daK//LTEQ8xiIbrHtcw==",
        "dependencies": {}
      }
    }
  }
}
